// !$*UTF8*$!
{
	archiveVersion = 1;
	classes = {
	};
	objectVersion = 46;
	objects = {

/* Begin PBXBuildFile section */
		6CD0CF4A2D635D69413D452E /* libPods-iKaraoke.a in Frameworks */ = {isa = PBXBuildFile; fileRef = C9AD550BB68023E9496C7DC4 /* libPods-iKaraoke.a */; };
		92233FB71D8C2CD700779038 /* main.m in Sources */ = {isa = PBXBuildFile; fileRef = 92233FB61D8C2CD700779038 /* main.m */; };
		92233FBA1D8C2CD700779038 /* AppDelegate.m in Sources */ = {isa = PBXBuildFile; fileRef = 92233FB91D8C2CD700779038 /* AppDelegate.m */; };
		92233FBD1D8C2CD700779038 /* ViewController.m in Sources */ = {isa = PBXBuildFile; fileRef = 92233FBC1D8C2CD700779038 /* ViewController.m */; };
		92233FC01D8C2CD700779038 /* Main.storyboard in Resources */ = {isa = PBXBuildFile; fileRef = 92233FBE1D8C2CD700779038 /* Main.storyboard */; };
		92233FC31D8C2CD700779038 /* iKaraoke.xcdatamodeld in Sources */ = {isa = PBXBuildFile; fileRef = 92233FC11D8C2CD700779038 /* iKaraoke.xcdatamodeld */; };
		92233FC51D8C2CD700779038 /* Assets.xcassets in Resources */ = {isa = PBXBuildFile; fileRef = 92233FC41D8C2CD700779038 /* Assets.xcassets */; };
		92233FC81D8C2CD700779038 /* LaunchScreen.storyboard in Resources */ = {isa = PBXBuildFile; fileRef = 92233FC61D8C2CD700779038 /* LaunchScreen.storyboard */; };
		9251C2EE1D8C50160099109A /* AVFoundation.framework in Frameworks */ = {isa = PBXBuildFile; fileRef = 9251C2ED1D8C50160099109A /* AVFoundation.framework */; };
/* End PBXBuildFile section */

/* Begin PBXFileReference section */
		1966D06E1EB9F75B87823D57 /* Pods-iKaraoke.debug.xcconfig */ = {isa = PBXFileReference; includeInIndex = 1; lastKnownFileType = text.xcconfig; name = "Pods-iKaraoke.debug.xcconfig"; path = "Pods/Target Support Files/Pods-iKaraoke/Pods-iKaraoke.debug.xcconfig"; sourceTree = "<group>"; };
		8DE2D04B8FA38179986973AC /* Pods-iKaraoke.release.xcconfig */ = {isa = PBXFileReference; includeInIndex = 1; lastKnownFileType = text.xcconfig; name = "Pods-iKaraoke.release.xcconfig"; path = "Pods/Target Support Files/Pods-iKaraoke/Pods-iKaraoke.release.xcconfig"; sourceTree = "<group>"; };
		92233FB21D8C2CD700779038 /* iKaraoke.app */ = {isa = PBXFileReference; explicitFileType = wrapper.application; includeInIndex = 0; path = iKaraoke.app; sourceTree = BUILT_PRODUCTS_DIR; };
		92233FB61D8C2CD700779038 /* main.m */ = {isa = PBXFileReference; lastKnownFileType = sourcecode.c.objc; path = main.m; sourceTree = "<group>"; };
		92233FB81D8C2CD700779038 /* AppDelegate.h */ = {isa = PBXFileReference; lastKnownFileType = sourcecode.c.h; path = AppDelegate.h; sourceTree = "<group>"; };
		92233FB91D8C2CD700779038 /* AppDelegate.m */ = {isa = PBXFileReference; lastKnownFileType = sourcecode.c.objc; path = AppDelegate.m; sourceTree = "<group>"; };
		92233FBB1D8C2CD700779038 /* ViewController.h */ = {isa = PBXFileReference; lastKnownFileType = sourcecode.c.h; path = ViewController.h; sourceTree = "<group>"; };
		92233FBC1D8C2CD700779038 /* ViewController.m */ = {isa = PBXFileReference; lastKnownFileType = sourcecode.c.objc; path = ViewController.m; sourceTree = "<group>"; };
		92233FBF1D8C2CD700779038 /* Base */ = {isa = PBXFileReference; lastKnownFileType = file.storyboard; name = Base; path = Base.lproj/Main.storyboard; sourceTree = "<group>"; };
		92233FC21D8C2CD700779038 /* iKaraoke.xcdatamodel */ = {isa = PBXFileReference; lastKnownFileType = wrapper.xcdatamodel; path = iKaraoke.xcdatamodel; sourceTree = "<group>"; };
		92233FC41D8C2CD700779038 /* Assets.xcassets */ = {isa = PBXFileReference; lastKnownFileType = folder.assetcatalog; path = Assets.xcassets; sourceTree = "<group>"; };
		92233FC71D8C2CD700779038 /* Base */ = {isa = PBXFileReference; lastKnownFileType = file.storyboard; name = Base; path = Base.lproj/LaunchScreen.storyboard; sourceTree = "<group>"; };
		92233FC91D8C2CD700779038 /* Info.plist */ = {isa = PBXFileReference; lastKnownFileType = text.plist.xml; path = Info.plist; sourceTree = "<group>"; };
		9251C2ED1D8C50160099109A /* AVFoundation.framework */ = {isa = PBXFileReference; lastKnownFileType = wrapper.framework; name = AVFoundation.framework; path = System/Library/Frameworks/AVFoundation.framework; sourceTree = SDKROOT; };
		C9AD550BB68023E9496C7DC4 /* libPods-iKaraoke.a */ = {isa = PBXFileReference; explicitFileType = archive.ar; includeInIndex = 0; path = "libPods-iKaraoke.a"; sourceTree = BUILT_PRODUCTS_DIR; };
/* End PBXFileReference section */

/* Begin PBXFrameworksBuildPhase section */
		92233FAF1D8C2CD700779038 /* Frameworks */ = {
			isa = PBXFrameworksBuildPhase;
			buildActionMask = 2147483647;
			files = (
				9251C2EE1D8C50160099109A /* AVFoundation.framework in Frameworks */,
				6CD0CF4A2D635D69413D452E /* libPods-iKaraoke.a in Frameworks */,
			);
			runOnlyForDeploymentPostprocessing = 0;
		};
/* End PBXFrameworksBuildPhase section */

/* Begin PBXGroup section */
		14EC7E11F610D9191CE2A1EC /* Pods */ = {
			isa = PBXGroup;
			children = (
				1966D06E1EB9F75B87823D57 /* Pods-iKaraoke.debug.xcconfig */,
				8DE2D04B8FA38179986973AC /* Pods-iKaraoke.release.xcconfig */,
			);
			name = Pods;
			sourceTree = "<group>";
		};
		6EC820B9A85ACA5B271318C7 /* Frameworks */ = {
			isa = PBXGroup;
			children = (
				9251C2ED1D8C50160099109A /* AVFoundation.framework */,
				C9AD550BB68023E9496C7DC4 /* libPods-iKaraoke.a */,
			);
			name = Frameworks;
			sourceTree = "<group>";
		};
		92233FA91D8C2CD700779038 = {
			isa = PBXGroup;
			children = (
				92233FB41D8C2CD700779038 /* iKaraoke */,
				92233FB31D8C2CD700779038 /* Products */,
				14EC7E11F610D9191CE2A1EC /* Pods */,
				6EC820B9A85ACA5B271318C7 /* Frameworks */,
			);
			sourceTree = "<group>";
		};
		92233FB31D8C2CD700779038 /* Products */ = {
			isa = PBXGroup;
			children = (
				92233FB21D8C2CD700779038 /* iKaraoke.app */,
			);
			name = Products;
			sourceTree = "<group>";
		};
		92233FB41D8C2CD700779038 /* iKaraoke */ = {
			isa = PBXGroup;
			children = (
				92233FB81D8C2CD700779038 /* AppDelegate.h */,
				92233FB91D8C2CD700779038 /* AppDelegate.m */,
				92233FBB1D8C2CD700779038 /* ViewController.h */,
				92233FBC1D8C2CD700779038 /* ViewController.m */,
				92233FBE1D8C2CD700779038 /* Main.storyboard */,
				92233FC41D8C2CD700779038 /* Assets.xcassets */,
				92233FC61D8C2CD700779038 /* LaunchScreen.storyboard */,
				92233FC91D8C2CD700779038 /* Info.plist */,
				92233FC11D8C2CD700779038 /* iKaraoke.xcdatamodeld */,
				92233FB51D8C2CD700779038 /* Supporting Files */,
			);
			path = iKaraoke;
			sourceTree = "<group>";
		};
		92233FB51D8C2CD700779038 /* Supporting Files */ = {
			isa = PBXGroup;
			children = (
				92233FB61D8C2CD700779038 /* main.m */,
			);
			name = "Supporting Files";
			sourceTree = "<group>";
		};
/* End PBXGroup section */

/* Begin PBXNativeTarget section */
		92233FB11D8C2CD700779038 /* iKaraoke */ = {
			isa = PBXNativeTarget;
			buildConfigurationList = 92233FCC1D8C2CD700779038 /* Build configuration list for PBXNativeTarget "iKaraoke" */;
			buildPhases = (
				93D66F47FD541A413D28A5E6 /* [CP] Check Pods Manifest.lock */,
				92233FAE1D8C2CD700779038 /* Sources */,
				92233FAF1D8C2CD700779038 /* Frameworks */,
				92233FB01D8C2CD700779038 /* Resources */,
				7A4130E59CB1DC66B98FCBA9 /* [CP] Embed Pods Frameworks */,
				F80DBCA808341F246A714585 /* [CP] Copy Pods Resources */,
			);
			buildRules = (
			);
			dependencies = (
			);
			name = iKaraoke;
			productName = iKaraoke;
			productReference = 92233FB21D8C2CD700779038 /* iKaraoke.app */;
			productType = "com.apple.product-type.application";
		};
/* End PBXNativeTarget section */

/* Begin PBXProject section */
		92233FAA1D8C2CD700779038 /* Project object */ = {
			isa = PBXProject;
			attributes = {
				LastUpgradeCheck = 0800;
				ORGANIZATIONNAME = org;
				TargetAttributes = {
					92233FB11D8C2CD700779038 = {
						CreatedOnToolsVersion = 8.0;
						DevelopmentTeam = RDBAA992Q3;
						ProvisioningStyle = Manual;
					};
				};
			};
			buildConfigurationList = 92233FAD1D8C2CD700779038 /* Build configuration list for PBXProject "iKaraoke" */;
			compatibilityVersion = "Xcode 3.2";
			developmentRegion = English;
			hasScannedForEncodings = 0;
			knownRegions = (
				en,
				Base,
			);
			mainGroup = 92233FA91D8C2CD700779038;
			productRefGroup = 92233FB31D8C2CD700779038 /* Products */;
			projectDirPath = "";
			projectRoot = "";
			targets = (
				92233FB11D8C2CD700779038 /* iKaraoke */,
			);
		};
/* End PBXProject section */

/* Begin PBXResourcesBuildPhase section */
		92233FB01D8C2CD700779038 /* Resources */ = {
			isa = PBXResourcesBuildPhase;
			buildActionMask = 2147483647;
			files = (
				92233FC81D8C2CD700779038 /* LaunchScreen.storyboard in Resources */,
				92233FC51D8C2CD700779038 /* Assets.xcassets in Resources */,
				92233FC01D8C2CD700779038 /* Main.storyboard in Resources */,
			);
			runOnlyForDeploymentPostprocessing = 0;
		};
/* End PBXResourcesBuildPhase section */

/* Begin PBXShellScriptBuildPhase section */
		7A4130E59CB1DC66B98FCBA9 /* [CP] Embed Pods Frameworks */ = {
			isa = PBXShellScriptBuildPhase;
			buildActionMask = 2147483647;
			files = (
			);
			inputPaths = (
			);
			name = "[CP] Embed Pods Frameworks";
			outputPaths = (
			);
			runOnlyForDeploymentPostprocessing = 0;
			shellPath = /bin/sh;
			shellScript = "\"${SRCROOT}/Pods/Target Support Files/Pods-iKaraoke/Pods-iKaraoke-frameworks.sh\"\n";
			showEnvVarsInLog = 0;
		};
		93D66F47FD541A413D28A5E6 /* [CP] Check Pods Manifest.lock */ = {
			isa = PBXShellScriptBuildPhase;
			buildActionMask = 2147483647;
			files = (
			);
			inputPaths = (
			);
			name = "[CP] Check Pods Manifest.lock";
			outputPaths = (
			);
			runOnlyForDeploymentPostprocessing = 0;
			shellPath = /bin/sh;
			shellScript = "diff \"${PODS_ROOT}/../Podfile.lock\" \"${PODS_ROOT}/Manifest.lock\" > /dev/null\nif [[ $? != 0 ]] ; then\n    cat << EOM\nerror: The sandbox is not in sync with the Podfile.lock. Run 'pod install' or update your CocoaPods installation.\nEOM\n    exit 1\nfi\n";
			showEnvVarsInLog = 0;
		};
		F80DBCA808341F246A714585 /* [CP] Copy Pods Resources */ = {
			isa = PBXShellScriptBuildPhase;
			buildActionMask = 2147483647;
			files = (
			);
			inputPaths = (
			);
			name = "[CP] Copy Pods Resources";
			outputPaths = (
			);
			runOnlyForDeploymentPostprocessing = 0;
			shellPath = /bin/sh;
			shellScript = "\"${SRCROOT}/Pods/Target Support Files/Pods-iKaraoke/Pods-iKaraoke-resources.sh\"\n";
			showEnvVarsInLog = 0;
		};
/* End PBXShellScriptBuildPhase section */

/* Begin PBXSourcesBuildPhase section */
		92233FAE1D8C2CD700779038 /* Sources */ = {
			isa = PBXSourcesBuildPhase;
			buildActionMask = 2147483647;
			files = (
				92233FC31D8C2CD700779038 /* iKaraoke.xcdatamodeld in Sources */,
				92233FBD1D8C2CD700779038 /* ViewController.m in Sources */,
				92233FBA1D8C2CD700779038 /* AppDelegate.m in Sources */,
				92233FB71D8C2CD700779038 /* main.m in Sources */,
			);
			runOnlyForDeploymentPostprocessing = 0;
		};
/* End PBXSourcesBuildPhase section */

/* Begin PBXVariantGroup section */
		92233FBE1D8C2CD700779038 /* Main.storyboard */ = {
			isa = PBXVariantGroup;
			children = (
				92233FBF1D8C2CD700779038 /* Base */,
			);
			name = Main.storyboard;
			sourceTree = "<group>";
		};
		92233FC61D8C2CD700779038 /* LaunchScreen.storyboard */ = {
			isa = PBXVariantGroup;
			children = (
				92233FC71D8C2CD700779038 /* Base */,
			);
			name = LaunchScreen.storyboard;
			sourceTree = "<group>";
		};
/* End PBXVariantGroup section */

/* Begin XCBuildConfiguration section */
		92233FCA1D8C2CD700779038 /* Debug */ = {
			isa = XCBuildConfiguration;
			buildSettings = {
				ALWAYS_SEARCH_USER_PATHS = NO;
				CLANG_ANALYZER_NONNULL = YES;
				CLANG_CXX_LANGUAGE_STANDARD = "gnu++0x";
				CLANG_CXX_LIBRARY = "libc++";
				CLANG_ENABLE_MODULES = YES;
				CLANG_ENABLE_OBJC_ARC = YES;
				CLANG_WARN_BOOL_CONVERSION = YES;
				CLANG_WARN_CONSTANT_CONVERSION = YES;
				CLANG_WARN_DIRECT_OBJC_ISA_USAGE = YES_ERROR;
				CLANG_WARN_DOCUMENTATION_COMMENTS = YES;
				CLANG_WARN_EMPTY_BODY = YES;
				CLANG_WARN_ENUM_CONVERSION = YES;
				CLANG_WARN_INFINITE_RECURSION = YES;
				CLANG_WARN_INT_CONVERSION = YES;
				CLANG_WARN_OBJC_ROOT_CLASS = YES_ERROR;
				CLANG_WARN_SUSPICIOUS_MOVES = YES;
				CLANG_WARN_UNREACHABLE_CODE = YES;
				CLANG_WARN__DUPLICATE_METHOD_MATCH = YES;
				"CODE_SIGN_IDENTITY[sdk=iphoneos*]" = "iPhone Developer";
				COPY_PHASE_STRIP = NO;
				DEBUG_INFORMATION_FORMAT = dwarf;
				ENABLE_STRICT_OBJC_MSGSEND = YES;
				ENABLE_TESTABILITY = YES;
				GCC_C_LANGUAGE_STANDARD = gnu99;
				GCC_DYNAMIC_NO_PIC = NO;
				GCC_NO_COMMON_BLOCKS = YES;
				GCC_OPTIMIZATION_LEVEL = 0;
				GCC_PREPROCESSOR_DEFINITIONS = (
					"DEBUG=1",
					"$(inherited)",
				);
				GCC_WARN_64_TO_32_BIT_CONVERSION = YES;
				GCC_WARN_ABOUT_RETURN_TYPE = YES_ERROR;
				GCC_WARN_UNDECLARED_SELECTOR = YES;
				GCC_WARN_UNINITIALIZED_AUTOS = YES_AGGRESSIVE;
				GCC_WARN_UNUSED_FUNCTION = YES;
				GCC_WARN_UNUSED_VARIABLE = YES;
				IPHONEOS_DEPLOYMENT_TARGET = 10.0;
				MTL_ENABLE_DEBUG_INFO = YES;
				ONLY_ACTIVE_ARCH = YES;
				SDKROOT = iphoneos;
				TARGETED_DEVICE_FAMILY = "1,2";
			};
			name = Debug;
		};
		92233FCB1D8C2CD700779038 /* Release */ = {
			isa = XCBuildConfiguration;
			buildSettings = {
				ALWAYS_SEARCH_USER_PATHS = NO;
				CLANG_ANALYZER_NONNULL = YES;
				CLANG_CXX_LANGUAGE_STANDARD = "gnu++0x";
				CLANG_CXX_LIBRARY = "libc++";
				CLANG_ENABLE_MODULES = YES;
				CLANG_ENABLE_OBJC_ARC = YES;
				CLANG_WARN_BOOL_CONVERSION = YES;
				CLANG_WARN_CONSTANT_CONVERSION = YES;
				CLANG_WARN_DIRECT_OBJC_ISA_USAGE = YES_ERROR;
				CLANG_WARN_DOCUMENTATION_COMMENTS = YES;
				CLANG_WARN_EMPTY_BODY = YES;
				CLANG_WARN_ENUM_CONVERSION = YES;
				CLANG_WARN_INFINITE_RECURSION = YES;
				CLANG_WARN_INT_CONVERSION = YES;
				CLANG_WARN_OBJC_ROOT_CLASS = YES_ERROR;
				CLANG_WARN_SUSPICIOUS_MOVES = YES;
				CLANG_WARN_UNREACHABLE_CODE = YES;
				CLANG_WARN__DUPLICATE_METHOD_MATCH = YES;
				"CODE_SIGN_IDENTITY[sdk=iphoneos*]" = "iPhone Developer";
				COPY_PHASE_STRIP = NO;
				DEBUG_INFORMATION_FORMAT = "dwarf-with-dsym";
				ENABLE_NS_ASSERTIONS = NO;
				ENABLE_STRICT_OBJC_MSGSEND = YES;
				GCC_C_LANGUAGE_STANDARD = gnu99;
				GCC_NO_COMMON_BLOCKS = YES;
				GCC_WARN_64_TO_32_BIT_CONVERSION = YES;
				GCC_WARN_ABOUT_RETURN_TYPE = YES_ERROR;
				GCC_WARN_UNDECLARED_SELECTOR = YES;
				GCC_WARN_UNINITIALIZED_AUTOS = YES_AGGRESSIVE;
				GCC_WARN_UNUSED_FUNCTION = YES;
				GCC_WARN_UNUSED_VARIABLE = YES;
				IPHONEOS_DEPLOYMENT_TARGET = 10.0;
				MTL_ENABLE_DEBUG_INFO = NO;
				SDKROOT = iphoneos;
				TARGETED_DEVICE_FAMILY = "1,2";
				VALIDATE_PRODUCT = YES;
			};
			name = Release;
		};
		92233FCD1D8C2CD700779038 /* Debug */ = {
			isa = XCBuildConfiguration;
			baseConfigurationReference = 1966D06E1EB9F75B87823D57 /* Pods-iKaraoke.debug.xcconfig */;
			buildSettings = {
				ASSETCATALOG_COMPILER_APPICON_NAME = AppIcon;
				DEVELOPMENT_TEAM = RDBAA992Q3;
				INFOPLIST_FILE = iKaraoke/Info.plist;
				LD_RUNPATH_SEARCH_PATHS = "$(inherited) @executable_path/Frameworks";
				PRODUCT_BUNDLE_IDENTIFIER = com.org.iKaraoke;
				PRODUCT_NAME = "$(TARGET_NAME)";
				PROVISIONING_PROFILE = "e763be40-e6e4-40d1-a933-8d683c3a5bc8";
				PROVISIONING_PROFILE_SPECIFIER = WildCard;
				TARGETED_DEVICE_FAMILY = 1;
			};
			name = Debug;
		};
		92233FCE1D8C2CD700779038 /* Release */ = {
			isa = XCBuildConfiguration;
			baseConfigurationReference = 8DE2D04B8FA38179986973AC /* Pods-iKaraoke.release.xcconfig */;
			buildSettings = {
				ASSETCATALOG_COMPILER_APPICON_NAME = AppIcon;
				DEVELOPMENT_TEAM = RDBAA992Q3;
				INFOPLIST_FILE = iKaraoke/Info.plist;
				LD_RUNPATH_SEARCH_PATHS = "$(inherited) @executable_path/Frameworks";
				PRODUCT_BUNDLE_IDENTIFIER = com.org.iKaraoke;
				PRODUCT_NAME = "$(TARGET_NAME)";
				PROVISIONING_PROFILE = "e763be40-e6e4-40d1-a933-8d683c3a5bc8";
				PROVISIONING_PROFILE_SPECIFIER = WildCard;
				TARGETED_DEVICE_FAMILY = 1;
			};
			name = Release;
		};
/* End XCBuildConfiguration section */

/* Begin XCConfigurationList section */
		92233FAD1D8C2CD700779038 /* Build configuration list for PBXProject "iKaraoke" */ = {
			isa = XCConfigurationList;
			buildConfigurations = (
				92233FCA1D8C2CD700779038 /* Debug */,
				92233FCB1D8C2CD700779038 /* Release */,
			);
			defaultConfigurationIsVisible = 0;
			defaultConfigurationName = Release;
		};
		92233FCC1D8C2CD700779038 /* Build configuration list for PBXNativeTarget "iKaraoke" */ = {
			isa = XCConfigurationList;
			buildConfigurations = (
				92233FCD1D8C2CD700779038 /* Debug */,
				92233FCE1D8C2CD700779038 /* Release */,
			);
			defaultConfigurationIsVisible = 0;
			defaultConfigurationName = Release;
		};
/* End XCConfigurationList section */

/* Begin XCVersionGroup section */
		92233FC11D8C2CD700779038 /* iKaraoke.xcdatamodeld */ = {
			isa = XCVersionGroup;
			children = (
				92233FC21D8C2CD700779038 /* iKaraoke.xcdatamodel */,
			);
			currentVersion = 92233FC21D8C2CD700779038 /* iKaraoke.xcdatamodel */;
			path = iKaraoke.xcdatamodeld;
			sourceTree = "<group>";
			versionGroupType = wrapper.xcdatamodel;
		};
/* End XCVersionGroup section */
	};
	rootObject = 92233FAA1D8C2CD700779038 /* Project object */;
}
